
Microsoft Visual Studio Solution File, Format Version 12.00
# Visual Studio Version 16
VisualStudioVersion = 16.0.31702.278
MinimumVisualStudioVersion = 10.0.40219.1
Project("{8BC9CEB8-8B4A-11D0-8D11-00A0C91BC942}") = "ProcessManagement", "ProcessManagement\ProcessManagement.vcxproj", "{5EF59826-87E5-45F9-AA6F-305325448C9B}"
EndProject
Project("{8BC9CEB8-8B4A-11D0-8D11-00A0C91BC942}") = "GPS", "GPS\GPS.vcxproj", "{D4AE5E4F-ADAC-4E47-A4D5-D471817D9E06}"
EndProject
Project("{8BC9CEB8-8B4A-11D0-8D11-00A0C91BC942}") = "Camera", "Camera\Camera.vcxproj", "{F6AEDA4B-7E23-41DD-BC2B-3F000DC19A80}"
EndProject
Project("{8BC9CEB8-8B4A-11D0-8D11-00A0C91BC942}") = "Display", "Display\Display.vcxproj", "{086071A7-4A7F-4AC8-8E7A-CD7EDD466796}"
EndProject
Project("{8BC9CEB8-8B4A-11D0-8D11-00A0C91BC942}") = "Laser", "Laser\Laser.vcxproj", "{4D484C72-3A79-4117-88CA-8675B7B1C8D5}"
EndProject
Project("{8BC9CEB8-8B4A-11D0-8D11-00A0C91BC942}") = "VehicleControl", "VehicleControl\VehicleControl.vcxproj", "{1CD83032-C6B9-49EF-BD4D-F04448B15FD1}"
EndProject
Global
	GlobalSection(SolutionConfigurationPlatforms) = preSolution
		Debug|x64 = Debug|x64
		Debug|x86 = Debug|x86
		Release|x64 = Release|x64
		Release|x86 = Release|x86
	EndGlobalSection
	GlobalSection(ProjectConfigurationPlatforms) = postSolution
		{5EF59826-87E5-45F9-AA6F-305325448C9B}.Debug|x64.ActiveCfg = Debug|x64
		{5EF59826-87E5-45F9-AA6F-305325448C9B}.Debug|x64.Build.0 = Debug|x64
		{5EF59826-87E5-45F9-AA6F-305325448C9B}.Debug|x86.ActiveCfg = Debug|x64
		{5EF59826-87E5-45F9-AA6F-305325448C9B}.Debug|x86.Build.0 = Debug|x64
		{5EF59826-87E5-45F9-AA6F-305325448C9B}.Release|x64.ActiveCfg = Release|x64
		{5EF59826-87E5-45F9-AA6F-305325448C9B}.Release|x64.Build.0 = Release|x64
		{5EF59826-87E5-45F9-AA6F-305325448C9B}.Release|x86.ActiveCfg = Release|Win32
		{5EF59826-87E5-45F9-AA6F-305325448C9B}.Release|x86.Build.0 = Release|Win32
		{D4AE5E4F-ADAC-4E47-A4D5-D471817D9E06}.Debug|x64.ActiveCfg = Debug|x64
		{D4AE5E4F-ADAC-4E47-A4D5-D471817D9E06}.Debug|x64.Build.0 = Debug|x64
		{D4AE5E4F-ADAC-4E47-A4D5-D471817D9E06}.Debug|x86.ActiveCfg = Debug|x64
		{D4AE5E4F-ADAC-4E47-A4D5-D471817D9E06}.Debug|x86.Build.0 = Debug|x64
		{D4AE5E4F-ADAC-4E47-A4D5-D471817D9E06}.Release|x64.ActiveCfg = Release|x64
		{D4AE5E4F-ADAC-4E47-A4D5-D471817D9E06}.Release|x64.Build.0 = Release|x64
		{D4AE5E4F-ADAC-4E47-A4D5-D471817D9E06}.Release|x86.ActiveCfg = Release|Win32
		{D4AE5E4F-ADAC-4E47-A4D5-D471817D9E06}.Release|x86.Build.0 = Release|Win32
		{F6AEDA4B-7E23-41DD-BC2B-3F000DC19A80}.Debug|x64.ActiveCfg = Debug|x64
		{F6AEDA4B-7E23-41DD-BC2B-3F000DC19A80}.Debug|x64.Build.0 = Debug|x64
		{F6AEDA4B-7E23-41DD-BC2B-3F000DC19A80}.Debug|x86.ActiveCfg = Release|Win32
		{F6AEDA4B-7E23-41DD-BC2B-3F000DC19A80}.Debug|x86.Build.0 = Release|Win32
		{F6AEDA4B-7E23-41DD-BC2B-3F000DC19A80}.Release|x64.ActiveCfg = Release|x64
		{F6AEDA4B-7E23-41DD-BC2B-3F000DC19A80}.Release|x64.Build.0 = Release|x64
		{F6AEDA4B-7E23-41DD-BC2B-3F000DC19A80}.Release|x86.ActiveCfg = Release|Win32
		{F6AEDA4B-7E23-41DD-BC2B-3F000DC19A80}.Release|x86.Build.0 = Release|Win32
		{086071A7-4A7F-4AC8-8E7A-CD7EDD466796}.Debug|x64.ActiveCfg = Debug|x64
		{086071A7-4A7F-4AC8-8E7A-CD7EDD466796}.Debug|x64.Build.0 = Debug|x64
		{086071A7-4A7F-4AC8-8E7A-CD7EDD466796}.Debug|x86.ActiveCfg = Release|Win32
		{086071A7-4A7F-4AC8-8E7A-CD7EDD466796}.Debug|x86.Build.0 = Release|Win32
		{086071A7-4A7F-4AC8-8E7A-CD7EDD466796}.Release|x64.ActiveCfg = Release|x64
		{086071A7-4A7F-4AC8-8E7A-CD7EDD466796}.Release|x64.Build.0 = Release|x64
		{086071A7-4A7F-4AC8-8E7A-CD7EDD466796}.Release|x86.ActiveCfg = Release|Win32
		{086071A7-4A7F-4AC8-8E7A-CD7EDD466796}.Release|x86.Build.0 = Release|Win32
		{4D484C72-3A79-4117-88CA-8675B7B1C8D5}.Debug|x64.ActiveCfg = Debug|x64
		{4D484C72-3A79-4117-88CA-8675B7B1C8D5}.Debug|x64.Build.0 = Debug|x64
		{4D484C72-3A79-4117-88CA-8675B7B1C8D5}.Debug|x86.ActiveCfg = Debug|x64
		{4D484C72-3A79-4117-88CA-8675B7B1C8D5}.Debug|x86.Build.0 = Debug|x64
		{4D484C72-3A79-4117-88CA-8675B7B1C8D5}.Release|x64.ActiveCfg = Release|x64
		{4D484C72-3A79-4117-88CA-8675B7B1C8D5}.Release|x64.Build.0 = Release|x64
		{4D484C72-3A79-4117-88CA-8675B7B1C8D5}.Release|x86.ActiveCfg = Release|Win32
		{4D484C72-3A79-4117-88CA-8675B7B1C8D5}.Release|x86.Build.0 = Release|Win32
		{1CD83032-C6B9-49EF-BD4D-F04448B15FD1}.Debug|x64.ActiveCfg = Debug|x64
		{1CD83032-C6B9-49EF-BD4D-F04448B15FD1}.Debug|x64.Build.0 = Debug|x64
		{1CD83032-C6B9-49EF-BD4D-F04448B15FD1}.Debug|x86.ActiveCfg = Debug|x64
		{1CD83032-C6B9-49EF-BD4D-F04448B15FD1}.Debug|x86.Build.0 = Debug|x64
		{1CD83032-C6B9-49EF-BD4D-F04448B15FD1}.Release|x64.ActiveCfg = Release|x64
		{1CD83032-C6B9-49EF-BD4D-F04448B15FD1}.Release|x64.Build.0 = Release|x64
		{1CD83032-C6B9-49EF-BD4D-F04448B15FD1}.Release|x86.ActiveCfg = Release|Win32
		{1CD83032-C6B9-49EF-BD4D-F04448B15FD1}.Release|x86.Build.0 = Release|Win32
	EndGlobalSection
	GlobalSection(SolutionProperties) = preSolution
		HideSolutionNode = FALSE
	EndGlobalSection
	GlobalSection(ExtensibilityGlobals) = postSolution
		SolutionGuid = {06A79E95-4A4A-4874-B035-68D357800E26}
	EndGlobalSection
EndGlobal
